{
  "name": "nn_viz",
  "version": "1.0.0",
  "lockfileVersion": 3,
  "requires": true,
  "packages": {
    "": {
      "name": "nn_viz",
      "version": "1.0.0",
      "license": "ISC",
      "dependencies": {
        "@panzoom/panzoom": "^4.5.1",
        "@types/node": "^20.11.30",
        "chessground": "^9.0.4",
        "typescript": "^5.4.3"
      }
    },
    "node_modules/@panzoom/panzoom": {
      "version": "4.5.1",
      "resolved": "https://registry.npmjs.org/@panzoom/panzoom/-/panzoom-4.5.1.tgz",
      "integrity": "sha512-QOr/t7314XTwgAUDazR+RDcTAWSbkpjDnZJddd9f56jSUA8ptUsyDblAb+sp/O5O1o5Fiu9KpWxVHKuhGUgp5w=="
    },
    "node_modules/@types/node": {
      "version": "20.11.30",
      "resolved": "https://registry.npmjs.org/@types/node/-/node-20.11.30.tgz",
      "integrity": "sha512-dHM6ZxwlmuZaRmUPfv1p+KrdD1Dci04FbdEm/9wEMouFqxYoFl5aMkt0VMAUtYRQDyYvD41WJLukhq/ha3YuTw==",
      "dependencies": {
        "undici-types": "~5.26.4"
      }
    },
    "node_modules/chessground": {
      "version": "9.0.4",
      "resolved": "https://registry.npmjs.org/chessground/-/chessground-9.0.4.tgz",
      "integrity": "sha512-KeZd/kcXSKQOGO6LOKu/3bAyVSMh7hgPPharMF15HMfNlHfcBpIVZIDAQRO2PNaNMzPWl0LKc05uFHt0D+lZGA==",
      "funding": {
        "url": "https://lichess.org/patron"
      }
    },
    "node_modules/typescript": {
      "version": "5.4.3",
      "resolved": "https://registry.npmjs.org/typescript/-/typescript-5.4.3.tgz",
      "integrity": "sha512-KrPd3PKaCLr78MalgiwJnA25Nm8HAmdwN3mYUYZgG/wizIo9EainNVQI9/yDavtVFRN2h3k8uf3GLHuhDMgEHg==",
      "bin": {
        "tsc": "bin/tsc",
        "tsserver": "bin/tsserver"
      },
      "engines": {
        "node": ">=14.17"
      }
    },
    "node_modules/undici-types": {
      "version": "5.26.5",
      "resolved": "https://registry.npmjs.org/undici-types/-/undici-types-5.26.5.tgz",
      "integrity": "sha512-JlCMO+ehdEIKqlFxk6IfVoAUVmgz7cU7zD/h9XZ0qzeosSHmUJVOzSQvvYSYWXkFXC+IfLKSIffhv0sVZup6pA=="
    }
  }
}
